
Microsoft Visual Studio Solution File, Format Version 12.00
# Visual Studio Version 16
VisualStudioVersion = 16.0.30104.148
MinimumVisualStudioVersion = 10.0.40219.1
Project("{FAE04EC0-301F-11D3-BF4B-00C04F79EFBC}") = "Cw10", "Cw10\Cw10.csproj", "{3A43AE82-98B4-4933-9C3F-7CD96B5DEFE0}"
EndProject
Global
	GlobalSection(SolutionConfigurationPlatforms) = preSolution
		Debug|Any CPU = Debug|Any CPU
		Release|Any CPU = Release|Any CPU
	EndGlobalSection
	GlobalSection(ProjectConfigurationPlatforms) = postSolution
		{3A43AE82-98B4-4933-9C3F-7CD96B5DEFE0}.Debug|Any CPU.ActiveCfg = Debug|Any CPU
		{3A43AE82-98B4-4933-9C3F-7CD96B5DEFE0}.Debug|Any CPU.Build.0 = Debug|Any CPU
		{3A43AE82-98B4-4933-9C3F-7CD96B5DEFE0}.Release|Any CPU.ActiveCfg = Release|Any CPU
		{3A43AE82-98B4-4933-9C3F-7CD96B5DEFE0}.Release|Any CPU.Build.0 = Release|Any CPU
	EndGlobalSection
	GlobalSection(SolutionProperties) = preSolution
		HideSolutionNode = FALSE
	EndGlobalSection
	GlobalSection(ExtensibilityGlobals) = postSolution
		SolutionGuid = {7661D8B9-9169-4C73-97A2-107DFDC49C17}
	EndGlobalSection
EndGlobal
